
Microsoft Visual Studio Solution File, Format Version 11.00
# Visual Studio 2010
Project("{FAE04EC0-301F-11D3-BF4B-00C04F79EFBC}") = "MenuCreacionFormsDinamicos", "MenuCreacionFormsDinamicos\MenuCreacionFormsDinamicos.csproj", "{7D70C291-26D3-45EA-AE7B-D20CA5771638}"
EndProject
Global
	GlobalSection(SolutionConfigurationPlatforms) = preSolution
		Debug|x86 = Debug|x86
		Release|x86 = Release|x86
	EndGlobalSection
	GlobalSection(ProjectConfigurationPlatforms) = postSolution
		{7D70C291-26D3-45EA-AE7B-D20CA5771638}.Debug|x86.ActiveCfg = Debug|x86
		{7D70C291-26D3-45EA-AE7B-D20CA5771638}.Debug|x86.Build.0 = Debug|x86
		{7D70C291-26D3-45EA-AE7B-D20CA5771638}.Release|x86.ActiveCfg = Release|x86
		{7D70C291-26D3-45EA-AE7B-D20CA5771638}.Release|x86.Build.0 = Release|x86
	EndGlobalSection
	GlobalSection(SolutionProperties) = preSolution
		HideSolutionNode = FALSE
	EndGlobalSection
EndGlobal
